# THIS IS AN AUTOGENERATED FILE. DO NOT EDIT THIS FILE DIRECTLY.
# yarn lockfile v1


bulma-badge@^3.0.1:
  version "3.0.1"
  resolved "https://registry.yarnpkg.com/bulma-badge/-/bulma-badge-3.0.1.tgz#835a5b89c6f20fa337ea30a509733908119b2e06"
  integrity sha512-owRTbInXkpsSrFSvCXyWMNyjcQXr7j3Vj4aSnKYISalcmYqql/YVC7e82M/MXFQG8J66ak5VvIu6dCrdAiQUtQ==
  dependencies:
    bulma latest

bulma-divider@^0.2.0:
  version "0.2.0"
  resolved "https://registry.yarnpkg.com/bulma-divider/-/bulma-divider-0.2.0.tgz#a9b4d9fe8b270c7cb7573023c575062bc62616f3"
  integrity sha512-REe3k56GECRfDaqFjC8cwLhV4RxXmV0RubuzDJqwior9wlJcdHlN0qfW0tvUX+qphikaTQegIeRuhjRIAqkjkw==

bulma-pageloader@^2.1.0:
  version "2.2.0"
  resolved "https://registry.yarnpkg.com/bulma-pageloader/-/bulma-pageloader-2.2.0.tgz#33e61d666c4e1fdae15df4ba6002ae7e7459a597"
  integrity sha512-GFpoag7d6vHbswZtMrFHU/5k5n+rXUwOfEQgvCtvl9EAS6PncwPd7/mAouk+TgvETKI2bBC5q3kC4TRdD6cTSg==

bulma-tooltip@^2.0.2:
  version "2.0.2"
  resolved "https://registry.yarnpkg.com/bulma-tooltip/-/bulma-tooltip-2.0.2.tgz#cf0bf5ad2dc75492cbcbd4816e1a005314dc90ac"
  integrity sha512-xsqWeWV7tsUn3uH04SqJeP7/CyC1RaDVIyVzr4/sIO3friIIOi7L6jc5g7qUwDxuBQl72yH/yRPuefpXoQ4hWg==

bulma@0.7.5:
  version "0.7.5"
  resolved "https://registry.yarnpkg.com/bulma/-/bulma-0.7.5.tgz#35066c37f82c088b68f94450be758fc00a967208"
  integrity sha512-cX98TIn0I6sKba/DhW0FBjtaDpxTelU166pf7ICXpCCuplHWyu6C9LYZmL5PEsnePIeJaiorsTEzzNk3Tsm1hw==

bulma@^0.9.4, bulma@latest:
  version "0.9.4"
  resolved "https://registry.yarnpkg.com/bulma/-/bulma-0.9.4.tgz#0ca8aeb1847a34264768dba26a064c8be72674a1"
  integrity sha512-86FlT5+1GrsgKbPLRRY7cGDg8fsJiP/jzTqXXVqiUZZ2aZT8uemEOHlU1CDU+TxklPEZ11HZNNWclRBBecP4CQ==

classnames@^2.2.6:
  version "2.3.2"
  resolved "https://registry.yarnpkg.com/classnames/-/classnames-2.3.2.tgz#351d813bf0137fcc6a76a16b88208d2560a0d924"
  integrity sha512-CSbhY4cFEJRe6/GQzIk5qXZ4Jeg5pcsP7b5peFSDpffpe1cqjASH/n9UTjBwOp6XpMSTwQ8Za2K5V02ueA7Tmw==

"js-tokens@^3.0.0 || ^4.0.0":
  version "4.0.0"
  resolved "https://registry.yarnpkg.com/js-tokens/-/js-tokens-4.0.0.tgz#19203fb59991df98e3a287050d4647cdeaf32499"
  integrity sha512-RdJUflcE3cUzKiMqQgsCu06FPu9UdIJO0beYbPhHN4k6apgJtifcoCtT9bcxOpYBtpD2kCM6Sbzg4CausW/PKQ==

loose-envify@^1.4.0:
  version "1.4.0"
  resolved "https://registry.yarnpkg.com/loose-envify/-/loose-envify-1.4.0.tgz#71ee51fa7be4caec1a63839f7e682d8132d30caf"
  integrity sha512-lyuxPGr/Wfhrlem2CL/UcnUc1zcqKAImBDzukY7Y5F/yQiNdko6+fRLevlw1HgMySw7f611UIY408EtxRSoK3Q==
  dependencies:
    js-tokens "^3.0.0 || ^4.0.0"

object-assign@^4.1.1:
  version "4.1.1"
  resolved "https://registry.yarnpkg.com/object-assign/-/object-assign-4.1.1.tgz#2109adc7965887cfc05cbbd442cac8bfbb360863"
  integrity sha512-rJgTQnkUnH1sFw8yT6VSU3zD3sWmu6sZhIseY8VX+GRu3P6F7Fu+JNDoXfklElbLJSnc3FUQHVe4cU5hj+BcUg==

prop-types@^15.7.2:
  version "15.8.1"
  resolved "https://registry.yarnpkg.com/prop-types/-/prop-types-15.8.1.tgz#67d87bf1a694f48435cf332c24af10214a3140b5"
  integrity sha512-oj87CgZICdulUohogVAR7AjlC0327U4el4L6eAvOqCeudMDVU0NThNaV+b9Df4dXgSP1gXMTnPdhfe/2qDH5cg==
  dependencies:
    loose-envify "^1.4.0"
    object-assign "^4.1.1"
    react-is "^16.13.1"

rbx@^2.2.0:
  version "2.2.0"
  resolved "https://registry.yarnpkg.com/rbx/-/rbx-2.2.0.tgz#117d06c429e45c5b6f83cdd735dba6474729706e"
  integrity sha512-B2+eH6rc1ZHhI36LDLsgOCNwygNSsOIfW8mElw3+DkRHpFa7OYDeaN4CRz4AALAhdln5Us6+k89Bt9JrTyIHeg==
  dependencies:
    bulma "0.7.5"
    bulma-badge "^3.0.1"
    bulma-divider "^0.2.0"
    bulma-pageloader "^2.1.0"
    bulma-tooltip "^2.0.2"
    classnames "^2.2.6"
    prop-types "^15.7.2"

react-is@^16.13.1:
  version "16.13.1"
  resolved "https://registry.yarnpkg.com/react-is/-/react-is-16.13.1.tgz#789729a4dc36de2999dc156dd6c1d9c18cea56a4"
  integrity sha512-24e6ynE2H+OKt4kqsOvNd8kBpV65zoxbA4BVsEOB3ARVWQki/DHzaUoC5KuON/BiccDaCCTZBuOcfZs70kR8bQ==
